
Microsoft Visual Studio Solution File, Format Version 12.00
# Visual Studio Version 17
VisualStudioVersion = 17.3.32929.385
MinimumVisualStudioVersion = 10.0.40219.1
Project("{FAE04EC0-301F-11D3-BF4B-00C04F79EFBC}") = "QuestionAnsweringAPI", "QuestionAnsweringAPI\QuestionAnsweringAPI.csproj", "{79F6D263-7AF5-4889-8372-A5FB22805134}"
EndProject
Global
	GlobalSection(SolutionConfigurationPlatforms) = preSolution
		Debug|Any CPU = Debug|Any CPU
		Release|Any CPU = Release|Any CPU
	EndGlobalSection
	GlobalSection(ProjectConfigurationPlatforms) = postSolution
		{79F6D263-7AF5-4889-8372-A5FB22805134}.Debug|Any CPU.ActiveCfg = Debug|Any CPU
		{79F6D263-7AF5-4889-8372-A5FB22805134}.Debug|Any CPU.Build.0 = Debug|Any CPU
		{79F6D263-7AF5-4889-8372-A5FB22805134}.Release|Any CPU.ActiveCfg = Release|Any CPU
		{79F6D263-7AF5-4889-8372-A5FB22805134}.Release|Any CPU.Build.0 = Release|Any CPU
	EndGlobalSection
	GlobalSection(SolutionProperties) = preSolution
		HideSolutionNode = FALSE
	EndGlobalSection
	GlobalSection(ExtensibilityGlobals) = postSolution
		SolutionGuid = {7309C2B8-C09F-4A23-ADEE-EF4742930A94}
	EndGlobalSection
EndGlobal
